
Microsoft Visual Studio Solution File, Format Version 12.00
# Visual Studio Version 16
VisualStudioVersion = 16.0.31729.503
MinimumVisualStudioVersion = 10.0.40219.1
Project("{FAE04EC0-301F-11D3-BF4B-00C04F79EFBC}") = "WoSDataConvertor", "WoSDataConvertor.csproj", "{613CC93E-2027-4402-BF4C-B9B0A00106DA}"
EndProject
Global
	GlobalSection(SolutionConfigurationPlatforms) = preSolution
		Debug|Any CPU = Debug|Any CPU
		Release|Any CPU = Release|Any CPU
	EndGlobalSection
	GlobalSection(ProjectConfigurationPlatforms) = postSolution
		{613CC93E-2027-4402-BF4C-B9B0A00106DA}.Debug|Any CPU.ActiveCfg = Debug|Any CPU
		{613CC93E-2027-4402-BF4C-B9B0A00106DA}.Debug|Any CPU.Build.0 = Debug|Any CPU
		{613CC93E-2027-4402-BF4C-B9B0A00106DA}.Release|Any CPU.ActiveCfg = Release|Any CPU
		{613CC93E-2027-4402-BF4C-B9B0A00106DA}.Release|Any CPU.Build.0 = Release|Any CPU
	EndGlobalSection
	GlobalSection(SolutionProperties) = preSolution
		HideSolutionNode = FALSE
	EndGlobalSection
	GlobalSection(ExtensibilityGlobals) = postSolution
		SolutionGuid = {1367AA2A-235D-4C81-8C33-88205C12A2DB}
	EndGlobalSection
EndGlobal
